<?xml version="1.0" encoding="UTF-8"?>
<Project ToolsVersion="14.0" xmlns="http://schemas.microsoft.com/developer/msbuild/2003">
  <ItemGroup>
    <ClCompile Include="C:\Users\aanay\Udaity Term 2\Unscented Kalman\CarND-Unscented-Kalman-Filter-Project-master\CarND-Unscented-Kalman-Filter-Project-master\src\ukf.cpp">
      <Filter>Source Files</Filter>
    </ClCompile>
    <ClCompile Include="C:\Users\aanay\Udaity Term 2\Unscented Kalman\CarND-Unscented-Kalman-Filter-Project-master\CarND-Unscented-Kalman-Filter-Project-master\src\main.cpp">
      <Filter>Source Files</Filter>
    </ClCompile>
    <ClCompile Include="C:\Users\aanay\Udaity Term 2\Unscented Kalman\CarND-Unscented-Kalman-Filter-Project-master\CarND-Unscented-Kalman-Filter-Project-master\src\tools.cpp">
      <Filter>Source Files</Filter>
    </ClCompile>
  </ItemGroup>
  <ItemGroup>
    <CustomBuild Include="C:\Users\aanay\Udaity Term 2\Unscented Kalman\CarND-Unscented-Kalman-Filter-Project-master\CarND-Unscented-Kalman-Filter-Project-master\CMakeLists.txt" />
  </ItemGroup>
  <ItemGroup>
    <Filter Include="Source Files">
      <UniqueIdentifier>{B7D7C6D9-21B3-36F6-9AFE-EE8B0FE8030D}</UniqueIdentifier>
    </Filter>
  </ItemGroup>
</Project>
