<?xml version="1.0" encoding="UTF-8"?>
<Project ToolsVersion="14.0" xmlns="http://schemas.microsoft.com/developer/msbuild/2003">
  <ItemGroup>
    <CustomBuild Include="C:\Users\aanay\Udaity Term 2\Unscented Kalman\CarND-Unscented-Kalman-Filter-Project-master\CarND-Unscented-Kalman-Filter-Project-master\build\CMakeFiles\7621d71e81f7a6063b31ef3b45b496f7\generate.stamp.rule">
      <Filter>CMake Rules</Filter>
    </CustomBuild>
  </ItemGroup>
  <ItemGroup>
    <Filter Include="CMake Rules">
      <UniqueIdentifier>{16774C8F-B904-3AB4-81B9-17A6C36EBCB6}</UniqueIdentifier>
    </Filter>
  </ItemGroup>
</Project>
